
Microsoft Visual Studio Solution File, Format Version 12.00
# Visual Studio Version 16
VisualStudioVersion = 16.0.30611.23
MinimumVisualStudioVersion = 10.0.40219.1
Project("{FAE04EC0-301F-11D3-BF4B-00C04F79EFBC}") = "AppSecurityAssignment", "AppSecurityAssignment.csproj", "{B09B76DC-699C-485F-8276-6B63582D5103}"
EndProject
Global
	GlobalSection(SolutionConfigurationPlatforms) = preSolution
		Debug|Any CPU = Debug|Any CPU
		Release|Any CPU = Release|Any CPU
	EndGlobalSection
	GlobalSection(ProjectConfigurationPlatforms) = postSolution
		{B09B76DC-699C-485F-8276-6B63582D5103}.Debug|Any CPU.ActiveCfg = Debug|Any CPU
		{B09B76DC-699C-485F-8276-6B63582D5103}.Debug|Any CPU.Build.0 = Debug|Any CPU
		{B09B76DC-699C-485F-8276-6B63582D5103}.Release|Any CPU.ActiveCfg = Release|Any CPU
		{B09B76DC-699C-485F-8276-6B63582D5103}.Release|Any CPU.Build.0 = Release|Any CPU
	EndGlobalSection
	GlobalSection(SolutionProperties) = preSolution
		HideSolutionNode = FALSE
	EndGlobalSection
	GlobalSection(ExtensibilityGlobals) = postSolution
		SolutionGuid = {B58E9548-81C9-4F33-8964-13DAF6BF9048}
	EndGlobalSection
EndGlobal
